<?xml version="1.0" encoding="utf-8"?>
<Project ToolsVersion="4.0" xmlns="http://schemas.microsoft.com/developer/msbuild/2003">
  <ItemGroup>
    <ClCompile Include="src\ofApp.cpp">
      <Filter>src</Filter>
    </ClCompile>
    <ClCompile Include="src\main.cpp">
      <Filter>src</Filter>
    </ClCompile>
    <ClCompile Include="..\..\..\..\addons\ofxWin8Touch\src\ofxWin8Touch.cpp">
      <Filter>addons\ofxWin8Touch\src</Filter>
    </ClCompile>
  </ItemGroup>
  <ItemGroup>
    <Filter Include="src">
      <UniqueIdentifier>{d8376475-7454-4a24-b08a-aac121d3ad6f}</UniqueIdentifier>
    </Filter>
    <Filter Include="addons">
      <UniqueIdentifier>{85e4ec64-ca30-4d0b-b83a-13f8553195f9}</UniqueIdentifier>
    </Filter>
    <Filter Include="addons\ofxWin8Touch">
      <UniqueIdentifier>{68cef507-148d-4afd-931e-247780eea26d}</UniqueIdentifier>
    </Filter>
    <Filter Include="addons\ofxWin8Touch\src">
      <UniqueIdentifier>{828b86e3-c6ce-4707-b711-e2c844ad541c}</UniqueIdentifier>
    </Filter>
  </ItemGroup>
  <ItemGroup>
    <ClInclude Include="src\ofApp.h">
      <Filter>src</Filter>
    </ClInclude>
    <ClInclude Include="..\..\..\..\addons\ofxWin8Touch\src\ofxWin8Touch.h">
      <Filter>addons\ofxWin8Touch\src</Filter>
    </ClInclude>
  </ItemGroup>
  <ItemGroup>
    <ResourceCompile Include="icon.rc" />
  </ItemGroup>
</Project>